<Solution>
  <Folder Name="/src/" />
  <Folder Name="/src/API/" />
  <Folder Name="/src/CORE/">
    <Project Path="TaskManagement.Application/TaskManagement.Application.csproj" />
    <Project Path="TaskManagement.Domain/TaskManagement.Domain.csproj" />
  </Folder>
  <Folder Name="/src/Infrastructure/">
    <Project Path="TaskManagement.Infrastructure/TaskManagement.Infrastructure.csproj" />
  </Folder>
  <Folder Name="/src/UI/" />
  <Folder Name="/test/" />
</Solution>
